{
  "name": "test",
  "lockfileVersion": 3,
  "requires": true,
  "packages": {
    "": {
      "devDependencies": {
        "eruda": "^3.4.0"
      }
    },
    "node_modules/eruda": {
      "version": "3.4.0",
      "resolved": "https://registry.npmjs.org/eruda/-/eruda-3.4.0.tgz",
      "integrity": "sha512-MSPJUwdKX8gJuWXzlKN0YcZUm8+XAMtntW+tmnvEpb1hUVQRxMiB/lxrqkuOBQ/SQJRXpIP1E0cADsRZMDjpXg==",
      "dev": true,
      "license": "MIT"
    }
  }
}
